Microsoft Visual Studio Solution File, Format Version 12.00
# Visual Studio Version 17
VisualStudioVersion = 17.5.2.0
MinimumVisualStudioVersion = 10.0.40219.1
Project("{FAE04EC0-301F-11D3-BF4B-00C04F79EFBC}") = "2_refresh", "2_refresh.csproj", "{17E5A3B7-431F-6386-C662-61F552FA4556}"
EndProject
Global
	GlobalSection(SolutionConfigurationPlatforms) = preSolution
		Debug|Any CPU = Debug|Any CPU
		Release|Any CPU = Release|Any CPU
	EndGlobalSection
	GlobalSection(ProjectConfigurationPlatforms) = postSolution
		{17E5A3B7-431F-6386-C662-61F552FA4556}.Debug|Any CPU.ActiveCfg = Debug|Any CPU
		{17E5A3B7-431F-6386-C662-61F552FA4556}.Debug|Any CPU.Build.0 = Debug|Any CPU
		{17E5A3B7-431F-6386-C662-61F552FA4556}.Release|Any CPU.ActiveCfg = Release|Any CPU
		{17E5A3B7-431F-6386-C662-61F552FA4556}.Release|Any CPU.Build.0 = Release|Any CPU
	EndGlobalSection
	GlobalSection(SolutionProperties) = preSolution
		HideSolutionNode = FALSE
	EndGlobalSection
	GlobalSection(ExtensibilityGlobals) = postSolution
		SolutionGuid = {748AB6D3-5E81-4BE3-AE32-AFC0F140F216}
	EndGlobalSection
EndGlobal
